// !$*UTF8*$!
{
	archiveVersion = 1;
	classes = {
	};
	objectVersion = 46;
	objects = {

/* Begin PBXBuildFile section */
		57841C201D80317300C864DE /* main.cpp in Sources */ = {isa = PBXBuildFile; fileRef = 57841C1D1D80317300C864DE /* main.cpp */; };
		57841C221D8031B200C864DE /* SDL2.framework in Frameworks */ = {isa = PBXBuildFile; fileRef = 57841C211D8031B200C864DE /* SDL2.framework */; };
		57841C231D80336D00C864DE /* SDL2.framework in CopyFiles */ = {isa = PBXBuildFile; fileRef = 57841C211D8031B200C864DE /* SDL2.framework */; };
/* End PBXBuildFile section */

/* Begin PBXCopyFilesBuildPhase section */
		57841C101D8030F800C864DE /* CopyFiles */ = {
			isa = PBXCopyFilesBuildPhase;
			buildActionMask = 12;
			dstPath = "";
			dstSubfolderSpec = 10;
			files = (
				57841C231D80336D00C864DE /* SDL2.framework in CopyFiles */,
			);
			runOnlyForDeploymentPostprocessing = 0;
		};
/* End PBXCopyFilesBuildPhase section */

/* Begin PBXFileReference section */
		57841C121D8030F800C864DE /* SDL_Template */ = {isa = PBXFileReference; explicitFileType = "compiled.mach-o.executable"; includeInIndex = 0; path = SDL_Template; sourceTree = BUILT_PRODUCTS_DIR; };
		57841C1C1D80317300C864DE /* algorithm.hpp */ = {isa = PBXFileReference; fileEncoding = 4; lastKnownFileType = sourcecode.cpp.h; name = algorithm.hpp; path = Template/algorithm.hpp; sourceTree = SOURCE_ROOT; };
		57841C1D1D80317300C864DE /* main.cpp */ = {isa = PBXFileReference; fileEncoding = 4; lastKnownFileType = sourcecode.cpp.cpp; name = main.cpp; path = Template/main.cpp; sourceTree = SOURCE_ROOT; };
		57841C1E1D80317300C864DE /* tvec.hpp */ = {isa = PBXFileReference; fileEncoding = 4; lastKnownFileType = sourcecode.cpp.h; name = tvec.hpp; path = Template/tvec.hpp; sourceTree = SOURCE_ROOT; };
		57841C1F1D80317300C864DE /* view.hpp */ = {isa = PBXFileReference; fileEncoding = 4; lastKnownFileType = sourcecode.cpp.h; name = view.hpp; path = Template/view.hpp; sourceTree = SOURCE_ROOT; };
		57841C211D8031B200C864DE /* SDL2.framework */ = {isa = PBXFileReference; lastKnownFileType = wrapper.framework; name = SDL2.framework; path = MacOS/SDL2.framework; sourceTree = "<group>"; };
		579CD29B1D81901D00CFE0F3 /* canvas.hpp */ = {isa = PBXFileReference; fileEncoding = 4; lastKnownFileType = sourcecode.cpp.h; name = canvas.hpp; path = Template/canvas.hpp; sourceTree = SOURCE_ROOT; };
/* End PBXFileReference section */

/* Begin PBXFrameworksBuildPhase section */
		57841C0F1D8030F800C864DE /* Frameworks */ = {
			isa = PBXFrameworksBuildPhase;
			buildActionMask = 2147483647;
			files = (
				57841C221D8031B200C864DE /* SDL2.framework in Frameworks */,
			);
			runOnlyForDeploymentPostprocessing = 0;
		};
/* End PBXFrameworksBuildPhase section */

/* Begin PBXGroup section */
		57841C091D8030F800C864DE = {
			isa = PBXGroup;
			children = (
				57841C141D8030F800C864DE /* SDL_Template */,
				57841C131D8030F800C864DE /* Products */,
				57841C211D8031B200C864DE /* SDL2.framework */,
			);
			sourceTree = "<group>";
		};
		57841C131D8030F800C864DE /* Products */ = {
			isa = PBXGroup;
			children = (
				57841C121D8030F800C864DE /* SDL_Template */,
			);
			name = Products;
			sourceTree = "<group>";
		};
		57841C141D8030F800C864DE /* SDL_Template */ = {
			isa = PBXGroup;
			children = (
				579CD29B1D81901D00CFE0F3 /* canvas.hpp */,
				57841C1C1D80317300C864DE /* algorithm.hpp */,
				57841C1D1D80317300C864DE /* main.cpp */,
				57841C1E1D80317300C864DE /* tvec.hpp */,
				57841C1F1D80317300C864DE /* view.hpp */,
			);
			path = SDL_Template;
			sourceTree = "<group>";
		};
/* End PBXGroup section */

/* Begin PBXNativeTarget section */
		57841C111D8030F800C864DE /* SDL_Template */ = {
			isa = PBXNativeTarget;
			buildConfigurationList = 57841C191D8030F800C864DE /* Build configuration list for PBXNativeTarget "SDL_Template" */;
			buildPhases = (
				57841C0E1D8030F800C864DE /* Sources */,
				57841C0F1D8030F800C864DE /* Frameworks */,
				57841C101D8030F800C864DE /* CopyFiles */,
			);
			buildRules = (
			);
			dependencies = (
			);
			name = SDL_Template;
			productName = SDL_Template;
			productReference = 57841C121D8030F800C864DE /* SDL_Template */;
			productType = "com.apple.product-type.tool";
		};
/* End PBXNativeTarget section */

/* Begin PBXProject section */
		57841C0A1D8030F800C864DE /* Project object */ = {
			isa = PBXProject;
			attributes = {
				LastUpgradeCheck = 0800;
				ORGANIZATIONNAME = Unity;
				TargetAttributes = {
					57841C111D8030F800C864DE = {
						CreatedOnToolsVersion = 8.0;
						DevelopmentTeam = ZE6P334QKR;
						ProvisioningStyle = Automatic;
					};
				};
			};
			buildConfigurationList = 57841C0D1D8030F800C864DE /* Build configuration list for PBXProject "SDL_Template" */;
			compatibilityVersion = "Xcode 3.2";
			developmentRegion = English;
			hasScannedForEncodings = 0;
			knownRegions = (
				en,
			);
			mainGroup = 57841C091D8030F800C864DE;
			productRefGroup = 57841C131D8030F800C864DE /* Products */;
			projectDirPath = "";
			projectRoot = "";
			targets = (
				57841C111D8030F800C864DE /* SDL_Template */,
			);
		};
/* End PBXProject section */

/* Begin PBXSourcesBuildPhase section */
		57841C0E1D8030F800C864DE /* Sources */ = {
			isa = PBXSourcesBuildPhase;
			buildActionMask = 2147483647;
			files = (
				57841C201D80317300C864DE /* main.cpp in Sources */,
			);
			runOnlyForDeploymentPostprocessing = 0;
		};
/* End PBXSourcesBuildPhase section */

/* Begin XCBuildConfiguration section */
		57841C171D8030F800C864DE /* Debug */ = {
			isa = XCBuildConfiguration;
			buildSettings = {
				ALWAYS_SEARCH_USER_PATHS = NO;
				CLANG_ANALYZER_NONNULL = YES;
				CLANG_CXX_LANGUAGE_STANDARD = "gnu++0x";
				CLANG_CXX_LIBRARY = "libc++";
				CLANG_ENABLE_MODULES = YES;
				CLANG_ENABLE_OBJC_ARC = YES;
				CLANG_WARN_BOOL_CONVERSION = YES;
				CLANG_WARN_CONSTANT_CONVERSION = YES;
				CLANG_WARN_DIRECT_OBJC_ISA_USAGE = YES_ERROR;
				CLANG_WARN_DOCUMENTATION_COMMENTS = YES;
				CLANG_WARN_EMPTY_BODY = YES;
				CLANG_WARN_ENUM_CONVERSION = YES;
				CLANG_WARN_INFINITE_RECURSION = YES;
				CLANG_WARN_INT_CONVERSION = YES;
				CLANG_WARN_OBJC_ROOT_CLASS = YES_ERROR;
				CLANG_WARN_SUSPICIOUS_MOVES = YES;
				CLANG_WARN_UNREACHABLE_CODE = YES;
				CLANG_WARN__DUPLICATE_METHOD_MATCH = YES;
				CODE_SIGN_IDENTITY = "-";
				COPY_PHASE_STRIP = NO;
				DEBUG_INFORMATION_FORMAT = dwarf;
				ENABLE_STRICT_OBJC_MSGSEND = YES;
				ENABLE_TESTABILITY = YES;
				GCC_C_LANGUAGE_STANDARD = gnu99;
				GCC_DYNAMIC_NO_PIC = NO;
				GCC_NO_COMMON_BLOCKS = YES;
				GCC_OPTIMIZATION_LEVEL = 0;
				GCC_PREPROCESSOR_DEFINITIONS = (
					"DEBUG=1",
					"$(inherited)",
				);
				GCC_WARN_64_TO_32_BIT_CONVERSION = YES;
				GCC_WARN_ABOUT_RETURN_TYPE = YES_ERROR;
				GCC_WARN_UNDECLARED_SELECTOR = YES;
				GCC_WARN_UNINITIALIZED_AUTOS = YES_AGGRESSIVE;
				GCC_WARN_UNUSED_FUNCTION = YES;
				GCC_WARN_UNUSED_VARIABLE = YES;
				MACOSX_DEPLOYMENT_TARGET = 10.11;
				MTL_ENABLE_DEBUG_INFO = YES;
				ONLY_ACTIVE_ARCH = YES;
				SDKROOT = macosx;
			};
			name = Debug;
		};
		57841C181D8030F800C864DE /* Release */ = {
			isa = XCBuildConfiguration;
			buildSettings = {
				ALWAYS_SEARCH_USER_PATHS = NO;
				CLANG_ANALYZER_NONNULL = YES;
				CLANG_CXX_LANGUAGE_STANDARD = "gnu++0x";
				CLANG_CXX_LIBRARY = "libc++";
				CLANG_ENABLE_MODULES = YES;
				CLANG_ENABLE_OBJC_ARC = YES;
				CLANG_WARN_BOOL_CONVERSION = YES;
				CLANG_WARN_CONSTANT_CONVERSION = YES;
				CLANG_WARN_DIRECT_OBJC_ISA_USAGE = YES_ERROR;
				CLANG_WARN_DOCUMENTATION_COMMENTS = YES;
				CLANG_WARN_EMPTY_BODY = YES;
				CLANG_WARN_ENUM_CONVERSION = YES;
				CLANG_WARN_INFINITE_RECURSION = YES;
				CLANG_WARN_INT_CONVERSION = YES;
				CLANG_WARN_OBJC_ROOT_CLASS = YES_ERROR;
				CLANG_WARN_SUSPICIOUS_MOVES = YES;
				CLANG_WARN_UNREACHABLE_CODE = YES;
				CLANG_WARN__DUPLICATE_METHOD_MATCH = YES;
				CODE_SIGN_IDENTITY = "-";
				COPY_PHASE_STRIP = NO;
				DEBUG_INFORMATION_FORMAT = "dwarf-with-dsym";
				ENABLE_NS_ASSERTIONS = NO;
				ENABLE_STRICT_OBJC_MSGSEND = YES;
				GCC_C_LANGUAGE_STANDARD = gnu99;
				GCC_NO_COMMON_BLOCKS = YES;
				GCC_WARN_64_TO_32_BIT_CONVERSION = YES;
				GCC_WARN_ABOUT_RETURN_TYPE = YES_ERROR;
				GCC_WARN_UNDECLARED_SELECTOR = YES;
				GCC_WARN_UNINITIALIZED_AUTOS = YES_AGGRESSIVE;
				GCC_WARN_UNUSED_FUNCTION = YES;
				GCC_WARN_UNUSED_VARIABLE = YES;
				MACOSX_DEPLOYMENT_TARGET = 10.11;
				MTL_ENABLE_DEBUG_INFO = NO;
				SDKROOT = macosx;
			};
			name = Release;
		};
		57841C1A1D8030F800C864DE /* Debug */ = {
			isa = XCBuildConfiguration;
			buildSettings = {
				CLANG_CXX_LANGUAGE_STANDARD = "gnu++14";
				DEVELOPMENT_TEAM = ZE6P334QKR;
				FRAMEWORK_SEARCH_PATHS = (
					"$(inherited)",
					"$(PROJECT_DIR)/MacOS",
				);
				PRODUCT_NAME = "$(TARGET_NAME)";
			};
			name = Debug;
		};
		57841C1B1D8030F800C864DE /* Release */ = {
			isa = XCBuildConfiguration;
			buildSettings = {
				CLANG_CXX_LANGUAGE_STANDARD = "gnu++14";
				DEVELOPMENT_TEAM = ZE6P334QKR;
				FRAMEWORK_SEARCH_PATHS = (
					"$(inherited)",
					"$(PROJECT_DIR)/MacOS",
				);
				PRODUCT_NAME = "$(TARGET_NAME)";
			};
			name = Release;
		};
/* End XCBuildConfiguration section */

/* Begin XCConfigurationList section */
		57841C0D1D8030F800C864DE /* Build configuration list for PBXProject "SDL_Template" */ = {
			isa = XCConfigurationList;
			buildConfigurations = (
				57841C171D8030F800C864DE /* Debug */,
				57841C181D8030F800C864DE /* Release */,
			);
			defaultConfigurationIsVisible = 0;
			defaultConfigurationName = Release;
		};
		57841C191D8030F800C864DE /* Build configuration list for PBXNativeTarget "SDL_Template" */ = {
			isa = XCConfigurationList;
			buildConfigurations = (
				57841C1A1D8030F800C864DE /* Debug */,
				57841C1B1D8030F800C864DE /* Release */,
			);
			defaultConfigurationIsVisible = 0;
			defaultConfigurationName = Release;
		};
/* End XCConfigurationList section */
	};
	rootObject = 57841C0A1D8030F800C864DE /* Project object */;
}
